
Microsoft Visual Studio Solution File, Format Version 12.00
# Visual Studio Version 16
VisualStudioVersion = 16.0.28803.202
MinimumVisualStudioVersion = 10.0.40219.1
Project("{FAE04EC0-301F-11D3-BF4B-00C04F79EFBC}") = "Receiver", "Receiver\Receiver.csproj", "{0108A0CE-3F5D-46E2-A582-96E2BD5413BC}"
EndProject
Global
	GlobalSection(SolutionConfigurationPlatforms) = preSolution
		Debug|Any CPU = Debug|Any CPU
		Release|Any CPU = Release|Any CPU
	EndGlobalSection
	GlobalSection(ProjectConfigurationPlatforms) = postSolution
		{0108A0CE-3F5D-46E2-A582-96E2BD5413BC}.Debug|Any CPU.ActiveCfg = Debug|Any CPU
		{0108A0CE-3F5D-46E2-A582-96E2BD5413BC}.Debug|Any CPU.Build.0 = Debug|Any CPU
		{0108A0CE-3F5D-46E2-A582-96E2BD5413BC}.Release|Any CPU.ActiveCfg = Release|Any CPU
		{0108A0CE-3F5D-46E2-A582-96E2BD5413BC}.Release|Any CPU.Build.0 = Release|Any CPU
	EndGlobalSection
	GlobalSection(SolutionProperties) = preSolution
		HideSolutionNode = FALSE
	EndGlobalSection
	GlobalSection(ExtensibilityGlobals) = postSolution
		SolutionGuid = {69082CC4-FD04-4A1A-9EB8-7FDCEBBB0385}
	EndGlobalSection
EndGlobal
